
Microsoft Visual Studio Solution File, Format Version 12.00
# Visual Studio Version 17
VisualStudioVersion = 17.10.34928.147
MinimumVisualStudioVersion = 10.0.40219.1
Project("{F2A71F9B-5D33-465A-A702-920D77279786}") = "C2AgnosticGUI", "C2AgnosticGUI\C2AgnosticGUI.fsproj", "{8FCF26E7-6C6E-436C-A425-0B5F654AFE2C}"
EndProject
Global
	GlobalSection(SolutionConfigurationPlatforms) = preSolution
		Debug|Any CPU = Debug|Any CPU
		Release|Any CPU = Release|Any CPU
	EndGlobalSection
	GlobalSection(ProjectConfigurationPlatforms) = postSolution
		{8FCF26E7-6C6E-436C-A425-0B5F654AFE2C}.Debug|Any CPU.ActiveCfg = Debug|Any CPU
		{8FCF26E7-6C6E-436C-A425-0B5F654AFE2C}.Debug|Any CPU.Build.0 = Debug|Any CPU
		{8FCF26E7-6C6E-436C-A425-0B5F654AFE2C}.Release|Any CPU.ActiveCfg = Release|Any CPU
		{8FCF26E7-6C6E-436C-A425-0B5F654AFE2C}.Release|Any CPU.Build.0 = Release|Any CPU
	EndGlobalSection
	GlobalSection(SolutionProperties) = preSolution
		HideSolutionNode = FALSE
	EndGlobalSection
	GlobalSection(ExtensibilityGlobals) = postSolution
		SolutionGuid = {B3203B4F-83BC-458B-80FB-7C5022C8DA83}
	EndGlobalSection
EndGlobal
